
Microsoft Visual Studio Solution File, Format Version 12.00
# Visual Studio Version 16
VisualStudioVersion = 16.0.30621.155
MinimumVisualStudioVersion = 10.0.40219.1
Project("{9A19103F-16F7-4668-BE54-9A1E7A4F7556}") = "MarvelApi", "MarvelApi.csproj", "{306261C9-BFA3-4AA9-9A00-62F445F2C165}"
EndProject
Global
	GlobalSection(SolutionConfigurationPlatforms) = preSolution
		Debug|Any CPU = Debug|Any CPU
		Release|Any CPU = Release|Any CPU
	EndGlobalSection
	GlobalSection(ProjectConfigurationPlatforms) = postSolution
		{306261C9-BFA3-4AA9-9A00-62F445F2C165}.Debug|Any CPU.ActiveCfg = Debug|Any CPU
		{306261C9-BFA3-4AA9-9A00-62F445F2C165}.Debug|Any CPU.Build.0 = Debug|Any CPU
		{306261C9-BFA3-4AA9-9A00-62F445F2C165}.Release|Any CPU.ActiveCfg = Release|Any CPU
		{306261C9-BFA3-4AA9-9A00-62F445F2C165}.Release|Any CPU.Build.0 = Release|Any CPU
	EndGlobalSection
	GlobalSection(SolutionProperties) = preSolution
		HideSolutionNode = FALSE
	EndGlobalSection
	GlobalSection(ExtensibilityGlobals) = postSolution
		SolutionGuid = {30BB1E74-8DFA-497B-AE9C-AC081221077A}
	EndGlobalSection
EndGlobal
